PODS:
  - airbridge-ios-sdk (4.4.2)
  - airbridge_flutter_sdk (4.4.1):
    - airbridge-ios-sdk (= 4.4.2)
    - Flutter
  - Flutter (1.0.0)

DEPENDENCIES:
  - airbridge_flutter_sdk (from `.symlinks/plugins/airbridge_flutter_sdk/ios`)
  - Flutter (from `Flutter`)

SPEC REPOS:
  trunk:
    - airbridge-ios-sdk

EXTERNAL SOURCES:
  airbridge_flutter_sdk:
    :path: ".symlinks/plugins/airbridge_flutter_sdk/ios"
  Flutter:
    :path: Flutter

SPEC CHECKSUMS:
  airbridge-ios-sdk: 21c97103a0343c46f3c2c755099f4ea111a2845b
  airbridge_flutter_sdk: 468045773e61e9cd889334f7d81e257e25202d15
  Flutter: e0871f40cf51350855a761d2e70bf5af5b9b5de7

PODFILE CHECKSUM: 4305caec6b40dde0ae97be1573c53de1882a07e5

COCOAPODS: 1.16.2
